
Microsoft Visual Studio Solution File, Format Version 12.00
Project("{FAE04EC0-301F-11D3-BF4B-00C04F79EFBC}") = "Keycloak.Mvc", "src\Keycloak.Mvc\Keycloak.Mvc.csproj", "{38CD4252-B03E-459B-806B-2DAD8D53D53D}"
EndProject
Project("{FAE04EC0-301F-11D3-BF4B-00C04F79EFBC}") = "Keycloak.Api", "src\Keycloak.Api\Keycloak.Api.csproj", "{499ECAB5-D899-48D0-81BB-DEE37CC1F094}"
EndProject
Global
	GlobalSection(SolutionConfigurationPlatforms) = preSolution
		Debug|Any CPU = Debug|Any CPU
		Release|Any CPU = Release|Any CPU
	EndGlobalSection
	GlobalSection(ProjectConfigurationPlatforms) = postSolution
		{38CD4252-B03E-459B-806B-2DAD8D53D53D}.Debug|Any CPU.ActiveCfg = Debug|Any CPU
		{38CD4252-B03E-459B-806B-2DAD8D53D53D}.Debug|Any CPU.Build.0 = Debug|Any CPU
		{38CD4252-B03E-459B-806B-2DAD8D53D53D}.Release|Any CPU.ActiveCfg = Release|Any CPU
		{38CD4252-B03E-459B-806B-2DAD8D53D53D}.Release|Any CPU.Build.0 = Release|Any CPU
		{499ECAB5-D899-48D0-81BB-DEE37CC1F094}.Debug|Any CPU.ActiveCfg = Debug|Any CPU
		{499ECAB5-D899-48D0-81BB-DEE37CC1F094}.Debug|Any CPU.Build.0 = Debug|Any CPU
		{499ECAB5-D899-48D0-81BB-DEE37CC1F094}.Release|Any CPU.ActiveCfg = Release|Any CPU
		{499ECAB5-D899-48D0-81BB-DEE37CC1F094}.Release|Any CPU.Build.0 = Release|Any CPU
	EndGlobalSection
EndGlobal
